
Microsoft Visual Studio Solution File, Format Version 12.00
# Visual Studio 15
VisualStudioVersion = 15.0.28010.2036
MinimumVisualStudioVersion = 10.0.40219.1
Project("{9A19103F-16F7-4668-BE54-9A1E7A4F7556}") = "WoWFormatParser", "WoWFormatParser\WoWFormatParser.csproj", "{3B3B9AFA-D64D-4185-A8FB-EC626E75F81C}"
EndProject
Project("{9A19103F-16F7-4668-BE54-9A1E7A4F7556}") = "WoWFormatParser.Tests", "WoWFormatParser.Tests\WoWFormatParser.Tests.csproj", "{0BECE8BB-6C74-4235-BCD9-EB205E83BED5}"
EndProject
Project("{2150E333-8FDC-42A3-9474-1A3956D46DE8}") = "Solution Items", "Solution Items", "{17ABDE92-5DCC-4FA9-B4FB-32A682803C41}"
	ProjectSection(SolutionItems) = preProject
		.editorconfig = .editorconfig
	EndProjectSection
EndProject
Global
	GlobalSection(SolutionConfigurationPlatforms) = preSolution
		Debug|Any CPU = Debug|Any CPU
		Release|Any CPU = Release|Any CPU
	EndGlobalSection
	GlobalSection(ProjectConfigurationPlatforms) = postSolution
		{3B3B9AFA-D64D-4185-A8FB-EC626E75F81C}.Debug|Any CPU.ActiveCfg = Debug|Any CPU
		{3B3B9AFA-D64D-4185-A8FB-EC626E75F81C}.Debug|Any CPU.Build.0 = Debug|Any CPU
		{3B3B9AFA-D64D-4185-A8FB-EC626E75F81C}.Release|Any CPU.ActiveCfg = Release|Any CPU
		{3B3B9AFA-D64D-4185-A8FB-EC626E75F81C}.Release|Any CPU.Build.0 = Release|Any CPU
		{0BECE8BB-6C74-4235-BCD9-EB205E83BED5}.Debug|Any CPU.ActiveCfg = Debug|Any CPU
		{0BECE8BB-6C74-4235-BCD9-EB205E83BED5}.Debug|Any CPU.Build.0 = Debug|Any CPU
		{0BECE8BB-6C74-4235-BCD9-EB205E83BED5}.Release|Any CPU.ActiveCfg = Release|Any CPU
		{0BECE8BB-6C74-4235-BCD9-EB205E83BED5}.Release|Any CPU.Build.0 = Release|Any CPU
	EndGlobalSection
	GlobalSection(SolutionProperties) = preSolution
		HideSolutionNode = FALSE
	EndGlobalSection
	GlobalSection(ExtensibilityGlobals) = postSolution
		SolutionGuid = {932F7F2C-20D9-429E-A55F-AA6F2FA30529}
	EndGlobalSection
EndGlobal
